// !$*UTF8*$!
{
	archiveVersion = 1;
	classes = {
	};
	objectVersion = 50;
	objects = {

/* Begin PBXBuildFile section */
		F48AD4C82175EC98006F87EB /* AppDelegate.swift in Sources */ = {isa = PBXBuildFile; fileRef = F48AD4C72175EC98006F87EB /* AppDelegate.swift */; };
		F48AD4CD2175EC98006F87EB /* Main.storyboard in Resources */ = {isa = PBXBuildFile; fileRef = F48AD4CB2175EC98006F87EB /* Main.storyboard */; };
		F48AD4CF2175EC99006F87EB /* Assets.xcassets in Resources */ = {isa = PBXBuildFile; fileRef = F48AD4CE2175EC99006F87EB /* Assets.xcassets */; };
		F48AD4D22175EC99006F87EB /* LaunchScreen.storyboard in Resources */ = {isa = PBXBuildFile; fileRef = F48AD4D02175EC99006F87EB /* LaunchScreen.storyboard */; };
		F48AD4EA2175F3B6006F87EB /* Alamofire.framework in Frameworks */ = {isa = PBXBuildFile; fileRef = F48AD4E42175F3A7006F87EB /* Alamofire.framework */; };
		F48AD4EB2175F3B6006F87EB /* Alamofire.framework in Embed Frameworks */ = {isa = PBXBuildFile; fileRef = F48AD4E42175F3A7006F87EB /* Alamofire.framework */; settings = {ATTRIBUTES = (CodeSignOnCopy, RemoveHeadersOnCopy, ); }; };
		F48AD4EC2175F3B6006F87EB /* NVActivityIndicatorView.framework in Frameworks */ = {isa = PBXBuildFile; fileRef = F48AD4E52175F3A7006F87EB /* NVActivityIndicatorView.framework */; };
		F48AD4ED2175F3B6006F87EB /* NVActivityIndicatorView.framework in Embed Frameworks */ = {isa = PBXBuildFile; fileRef = F48AD4E52175F3A7006F87EB /* NVActivityIndicatorView.framework */; settings = {ATTRIBUTES = (CodeSignOnCopy, RemoveHeadersOnCopy, ); }; };
		F48AD4EE2175F3B6006F87EB /* SwiftyJSON.framework in Frameworks */ = {isa = PBXBuildFile; fileRef = F48AD4E62175F3A7006F87EB /* SwiftyJSON.framework */; };
		F48AD4EF2175F3B6006F87EB /* SwiftyJSON.framework in Embed Frameworks */ = {isa = PBXBuildFile; fileRef = F48AD4E62175F3A7006F87EB /* SwiftyJSON.framework */; settings = {ATTRIBUTES = (CodeSignOnCopy, RemoveHeadersOnCopy, ); }; };
		F48AD4F62175F43D006F87EB /* InputViewController.swift in Sources */ = {isa = PBXBuildFile; fileRef = F48AD4F52175F43D006F87EB /* InputViewController.swift */; };
		F48AD4F82175F451006F87EB /* ListViewController.swift in Sources */ = {isa = PBXBuildFile; fileRef = F48AD4F72175F451006F87EB /* ListViewController.swift */; };
		F48AD4FA2175F96F006F87EB /* UIViewControllerExtensions.swift in Sources */ = {isa = PBXBuildFile; fileRef = F48AD4F92175F96F006F87EB /* UIViewControllerExtensions.swift */; };
		F48AD4FC2175FB8D006F87EB /* UIAlertControllerExtensions.swift in Sources */ = {isa = PBXBuildFile; fileRef = F48AD4FB2175FB8D006F87EB /* UIAlertControllerExtensions.swift */; };
		F48AD4FE2175FBFF006F87EB /* Constants.swift in Sources */ = {isa = PBXBuildFile; fileRef = F48AD4FD2175FBFF006F87EB /* Constants.swift */; };
		F48AD5032175FE42006F87EB /* API.swift in Sources */ = {isa = PBXBuildFile; fileRef = F48AD5022175FE42006F87EB /* API.swift */; };
		F48AD505217601D6006F87EB /* Bounds.swift in Sources */ = {isa = PBXBuildFile; fileRef = F48AD504217601D6006F87EB /* Bounds.swift */; };
		F48AD50921760D9F006F87EB /* CommentCell.swift in Sources */ = {isa = PBXBuildFile; fileRef = F48AD50821760D9F006F87EB /* CommentCell.swift */; };
		F48AD50D21761BF6006F87EB /* CancelableLoadingView.swift in Sources */ = {isa = PBXBuildFile; fileRef = F48AD50C21761BF6006F87EB /* CancelableLoadingView.swift */; };
/* End PBXBuildFile section */

/* Begin PBXCopyFilesBuildPhase section */
		F48AD4E22175F315006F87EB /* Embed Frameworks */ = {
			isa = PBXCopyFilesBuildPhase;
			buildActionMask = 2147483647;
			dstPath = "";
			dstSubfolderSpec = 10;
			files = (
				F48AD4ED2175F3B6006F87EB /* NVActivityIndicatorView.framework in Embed Frameworks */,
				F48AD4EB2175F3B6006F87EB /* Alamofire.framework in Embed Frameworks */,
				F48AD4EF2175F3B6006F87EB /* SwiftyJSON.framework in Embed Frameworks */,
			);
			name = "Embed Frameworks";
			runOnlyForDeploymentPostprocessing = 0;
		};
/* End PBXCopyFilesBuildPhase section */

/* Begin PBXFileReference section */
		F48AD4C42175EC98006F87EB /* DevChallenge.app */ = {isa = PBXFileReference; explicitFileType = wrapper.application; includeInIndex = 0; path = DevChallenge.app; sourceTree = BUILT_PRODUCTS_DIR; };
		F48AD4C72175EC98006F87EB /* AppDelegate.swift */ = {isa = PBXFileReference; lastKnownFileType = sourcecode.swift; path = AppDelegate.swift; sourceTree = "<group>"; };
		F48AD4CC2175EC98006F87EB /* Base */ = {isa = PBXFileReference; lastKnownFileType = file.storyboard; name = Base; path = Base.lproj/Main.storyboard; sourceTree = "<group>"; };
		F48AD4CE2175EC99006F87EB /* Assets.xcassets */ = {isa = PBXFileReference; lastKnownFileType = folder.assetcatalog; path = Assets.xcassets; sourceTree = "<group>"; };
		F48AD4D12175EC99006F87EB /* Base */ = {isa = PBXFileReference; lastKnownFileType = file.storyboard; name = Base; path = Base.lproj/LaunchScreen.storyboard; sourceTree = "<group>"; };
		F48AD4D32175EC99006F87EB /* Info.plist */ = {isa = PBXFileReference; lastKnownFileType = text.plist.xml; path = Info.plist; sourceTree = "<group>"; };
		F48AD4E42175F3A7006F87EB /* Alamofire.framework */ = {isa = PBXFileReference; lastKnownFileType = wrapper.framework; name = Alamofire.framework; path = Carthage/Build/iOS/Alamofire.framework; sourceTree = SOURCE_ROOT; };
		F48AD4E52175F3A7006F87EB /* NVActivityIndicatorView.framework */ = {isa = PBXFileReference; lastKnownFileType = wrapper.framework; name = NVActivityIndicatorView.framework; path = Carthage/Build/iOS/NVActivityIndicatorView.framework; sourceTree = SOURCE_ROOT; };
		F48AD4E62175F3A7006F87EB /* SwiftyJSON.framework */ = {isa = PBXFileReference; lastKnownFileType = wrapper.framework; name = SwiftyJSON.framework; path = Carthage/Build/iOS/SwiftyJSON.framework; sourceTree = SOURCE_ROOT; };
		F48AD4F52175F43D006F87EB /* InputViewController.swift */ = {isa = PBXFileReference; lastKnownFileType = sourcecode.swift; path = InputViewController.swift; sourceTree = "<group>"; };
		F48AD4F72175F451006F87EB /* ListViewController.swift */ = {isa = PBXFileReference; lastKnownFileType = sourcecode.swift; path = ListViewController.swift; sourceTree = "<group>"; };
		F48AD4F92175F96F006F87EB /* UIViewControllerExtensions.swift */ = {isa = PBXFileReference; lastKnownFileType = sourcecode.swift; path = UIViewControllerExtensions.swift; sourceTree = "<group>"; };
		F48AD4FB2175FB8D006F87EB /* UIAlertControllerExtensions.swift */ = {isa = PBXFileReference; lastKnownFileType = sourcecode.swift; path = UIAlertControllerExtensions.swift; sourceTree = "<group>"; };
		F48AD4FD2175FBFF006F87EB /* Constants.swift */ = {isa = PBXFileReference; lastKnownFileType = sourcecode.swift; path = Constants.swift; sourceTree = "<group>"; };
		F48AD5022175FE42006F87EB /* API.swift */ = {isa = PBXFileReference; lastKnownFileType = sourcecode.swift; path = API.swift; sourceTree = "<group>"; };
		F48AD504217601D6006F87EB /* Bounds.swift */ = {isa = PBXFileReference; lastKnownFileType = sourcecode.swift; path = Bounds.swift; sourceTree = "<group>"; };
		F48AD50821760D9F006F87EB /* CommentCell.swift */ = {isa = PBXFileReference; lastKnownFileType = sourcecode.swift; path = CommentCell.swift; sourceTree = "<group>"; };
		F48AD50C21761BF6006F87EB /* CancelableLoadingView.swift */ = {isa = PBXFileReference; lastKnownFileType = sourcecode.swift; path = CancelableLoadingView.swift; sourceTree = "<group>"; };
/* End PBXFileReference section */

/* Begin PBXFrameworksBuildPhase section */
		F48AD4C12175EC98006F87EB /* Frameworks */ = {
			isa = PBXFrameworksBuildPhase;
			buildActionMask = 2147483647;
			files = (
				F48AD4EE2175F3B6006F87EB /* SwiftyJSON.framework in Frameworks */,
				F48AD4EA2175F3B6006F87EB /* Alamofire.framework in Frameworks */,
				F48AD4EC2175F3B6006F87EB /* NVActivityIndicatorView.framework in Frameworks */,
			);
			runOnlyForDeploymentPostprocessing = 0;
		};
/* End PBXFrameworksBuildPhase section */

/* Begin PBXGroup section */
		F48AD4BB2175EC98006F87EB = {
			isa = PBXGroup;
			children = (
				F48AD4C62175EC98006F87EB /* DevChallenge */,
				F48AD4E32175F376006F87EB /* Frameworks */,
				F48AD4C52175EC98006F87EB /* Products */,
			);
			sourceTree = "<group>";
		};
		F48AD4C52175EC98006F87EB /* Products */ = {
			isa = PBXGroup;
			children = (
				F48AD4C42175EC98006F87EB /* DevChallenge.app */,
			);
			name = Products;
			sourceTree = "<group>";
		};
		F48AD4C62175EC98006F87EB /* DevChallenge */ = {
			isa = PBXGroup;
			children = (
				F48AD4F12175F3ED006F87EB /* Sources */,
				F48AD4F02175F3D5006F87EB /* Resources */,
			);
			path = DevChallenge;
			sourceTree = "<group>";
		};
		F48AD4E32175F376006F87EB /* Frameworks */ = {
			isa = PBXGroup;
			children = (
				F48AD4E42175F3A7006F87EB /* Alamofire.framework */,
				F48AD4E52175F3A7006F87EB /* NVActivityIndicatorView.framework */,
				F48AD4E62175F3A7006F87EB /* SwiftyJSON.framework */,
			);
			path = Frameworks;
			sourceTree = "<group>";
		};
		F48AD4F02175F3D5006F87EB /* Resources */ = {
			isa = PBXGroup;
			children = (
				F48AD4CE2175EC99006F87EB /* Assets.xcassets */,
				F48AD4CB2175EC98006F87EB /* Main.storyboard */,
				F48AD4D02175EC99006F87EB /* LaunchScreen.storyboard */,
				F48AD4D32175EC99006F87EB /* Info.plist */,
			);
			path = Resources;
			sourceTree = "<group>";
		};
		F48AD4F12175F3ED006F87EB /* Sources */ = {
			isa = PBXGroup;
			children = (
				F48AD4C72175EC98006F87EB /* AppDelegate.swift */,
				F48AD4F22175F3F8006F87EB /* ViewControllers */,
				F48AD50721760D84006F87EB /* Views */,
				F48AD4F32175F403006F87EB /* Controllers */,
				F48AD4F42175F40D006F87EB /* Classes */,
				F48AD506217603CE006F87EB /* Model */,
				F48AD5012175FE2B006F87EB /* Extensions */,
			);
			path = Sources;
			sourceTree = "<group>";
		};
		F48AD4F22175F3F8006F87EB /* ViewControllers */ = {
			isa = PBXGroup;
			children = (
				F48AD4F52175F43D006F87EB /* InputViewController.swift */,
				F48AD4F72175F451006F87EB /* ListViewController.swift */,
			);
			path = ViewControllers;
			sourceTree = "<group>";
		};
		F48AD4F32175F403006F87EB /* Controllers */ = {
			isa = PBXGroup;
			children = (
				F48AD5022175FE42006F87EB /* API.swift */,
			);
			path = Controllers;
			sourceTree = "<group>";
		};
		F48AD4F42175F40D006F87EB /* Classes */ = {
			isa = PBXGroup;
			children = (
				F48AD4FD2175FBFF006F87EB /* Constants.swift */,
			);
			path = Classes;
			sourceTree = "<group>";
		};
		F48AD5012175FE2B006F87EB /* Extensions */ = {
			isa = PBXGroup;
			children = (
				F48AD4F92175F96F006F87EB /* UIViewControllerExtensions.swift */,
				F48AD4FB2175FB8D006F87EB /* UIAlertControllerExtensions.swift */,
			);
			path = Extensions;
			sourceTree = "<group>";
		};
		F48AD506217603CE006F87EB /* Model */ = {
			isa = PBXGroup;
			children = (
				F48AD504217601D6006F87EB /* Bounds.swift */,
			);
			path = Model;
			sourceTree = "<group>";
		};
		F48AD50721760D84006F87EB /* Views */ = {
			isa = PBXGroup;
			children = (
				F48AD50821760D9F006F87EB /* CommentCell.swift */,
				F48AD50C21761BF6006F87EB /* CancelableLoadingView.swift */,
			);
			path = Views;
			sourceTree = "<group>";
		};
/* End PBXGroup section */

/* Begin PBXNativeTarget section */
		F48AD4C32175EC98006F87EB /* DevChallenge */ = {
			isa = PBXNativeTarget;
			buildConfigurationList = F48AD4D62175EC99006F87EB /* Build configuration list for PBXNativeTarget "DevChallenge" */;
			buildPhases = (
				F48AD4C02175EC98006F87EB /* Sources */,
				F48AD4C12175EC98006F87EB /* Frameworks */,
				F48AD4C22175EC98006F87EB /* Resources */,
				F48AD4E22175F315006F87EB /* Embed Frameworks */,
			);
			buildRules = (
			);
			dependencies = (
			);
			name = DevChallenge;
			productName = DevChallenge;
			productReference = F48AD4C42175EC98006F87EB /* DevChallenge.app */;
			productType = "com.apple.product-type.application";
		};
/* End PBXNativeTarget section */

/* Begin PBXProject section */
		F48AD4BC2175EC98006F87EB /* Project object */ = {
			isa = PBXProject;
			attributes = {
				LastSwiftUpdateCheck = 1000;
				LastUpgradeCheck = 1000;
				ORGANIZATIONNAME = "Igor Tudoran";
				TargetAttributes = {
					F48AD4C32175EC98006F87EB = {
						CreatedOnToolsVersion = 10.0;
					};
				};
			};
			buildConfigurationList = F48AD4BF2175EC98006F87EB /* Build configuration list for PBXProject "DevChallenge" */;
			compatibilityVersion = "Xcode 9.3";
			developmentRegion = en;
			hasScannedForEncodings = 0;
			knownRegions = (
				en,
				Base,
			);
			mainGroup = F48AD4BB2175EC98006F87EB;
			productRefGroup = F48AD4C52175EC98006F87EB /* Products */;
			projectDirPath = "";
			projectRoot = "";
			targets = (
				F48AD4C32175EC98006F87EB /* DevChallenge */,
			);
		};
/* End PBXProject section */

/* Begin PBXResourcesBuildPhase section */
		F48AD4C22175EC98006F87EB /* Resources */ = {
			isa = PBXResourcesBuildPhase;
			buildActionMask = 2147483647;
			files = (
				F48AD4D22175EC99006F87EB /* LaunchScreen.storyboard in Resources */,
				F48AD4CF2175EC99006F87EB /* Assets.xcassets in Resources */,
				F48AD4CD2175EC98006F87EB /* Main.storyboard in Resources */,
			);
			runOnlyForDeploymentPostprocessing = 0;
		};
/* End PBXResourcesBuildPhase section */

/* Begin PBXSourcesBuildPhase section */
		F48AD4C02175EC98006F87EB /* Sources */ = {
			isa = PBXSourcesBuildPhase;
			buildActionMask = 2147483647;
			files = (
				F48AD4FA2175F96F006F87EB /* UIViewControllerExtensions.swift in Sources */,
				F48AD4C82175EC98006F87EB /* AppDelegate.swift in Sources */,
				F48AD4FC2175FB8D006F87EB /* UIAlertControllerExtensions.swift in Sources */,
				F48AD50D21761BF6006F87EB /* CancelableLoadingView.swift in Sources */,
				F48AD4F62175F43D006F87EB /* InputViewController.swift in Sources */,
				F48AD4F82175F451006F87EB /* ListViewController.swift in Sources */,
				F48AD50921760D9F006F87EB /* CommentCell.swift in Sources */,
				F48AD505217601D6006F87EB /* Bounds.swift in Sources */,
				F48AD5032175FE42006F87EB /* API.swift in Sources */,
				F48AD4FE2175FBFF006F87EB /* Constants.swift in Sources */,
			);
			runOnlyForDeploymentPostprocessing = 0;
		};
/* End PBXSourcesBuildPhase section */

/* Begin PBXVariantGroup section */
		F48AD4CB2175EC98006F87EB /* Main.storyboard */ = {
			isa = PBXVariantGroup;
			children = (
				F48AD4CC2175EC98006F87EB /* Base */,
			);
			name = Main.storyboard;
			sourceTree = "<group>";
		};
		F48AD4D02175EC99006F87EB /* LaunchScreen.storyboard */ = {
			isa = PBXVariantGroup;
			children = (
				F48AD4D12175EC99006F87EB /* Base */,
			);
			name = LaunchScreen.storyboard;
			sourceTree = "<group>";
		};
/* End PBXVariantGroup section */

/* Begin XCBuildConfiguration section */
		F48AD4D42175EC99006F87EB /* Debug */ = {
			isa = XCBuildConfiguration;
			buildSettings = {
				ALWAYS_SEARCH_USER_PATHS = NO;
				CLANG_ANALYZER_NONNULL = YES;
				CLANG_ANALYZER_NUMBER_OBJECT_CONVERSION = YES_AGGRESSIVE;
				CLANG_CXX_LANGUAGE_STANDARD = "gnu++14";
				CLANG_CXX_LIBRARY = "libc++";
				CLANG_ENABLE_MODULES = YES;
				CLANG_ENABLE_OBJC_ARC = YES;
				CLANG_ENABLE_OBJC_WEAK = YES;
				CLANG_WARN_BLOCK_CAPTURE_AUTORELEASING = YES;
				CLANG_WARN_BOOL_CONVERSION = YES;
				CLANG_WARN_COMMA = YES;
				CLANG_WARN_CONSTANT_CONVERSION = YES;
				CLANG_WARN_DEPRECATED_OBJC_IMPLEMENTATIONS = YES;
				CLANG_WARN_DIRECT_OBJC_ISA_USAGE = YES_ERROR;
				CLANG_WARN_DOCUMENTATION_COMMENTS = YES;
				CLANG_WARN_EMPTY_BODY = YES;
				CLANG_WARN_ENUM_CONVERSION = YES;
				CLANG_WARN_INFINITE_RECURSION = YES;
				CLANG_WARN_INT_CONVERSION = YES;
				CLANG_WARN_NON_LITERAL_NULL_CONVERSION = YES;
				CLANG_WARN_OBJC_IMPLICIT_RETAIN_SELF = YES;
				CLANG_WARN_OBJC_LITERAL_CONVERSION = YES;
				CLANG_WARN_OBJC_ROOT_CLASS = YES_ERROR;
				CLANG_WARN_RANGE_LOOP_ANALYSIS = YES;
				CLANG_WARN_STRICT_PROTOTYPES = YES;
				CLANG_WARN_SUSPICIOUS_MOVE = YES;
				CLANG_WARN_UNGUARDED_AVAILABILITY = YES_AGGRESSIVE;
				CLANG_WARN_UNREACHABLE_CODE = YES;
				CLANG_WARN__DUPLICATE_METHOD_MATCH = YES;
				CODE_SIGN_IDENTITY = "iPhone Developer";
				COPY_PHASE_STRIP = NO;
				DEBUG_INFORMATION_FORMAT = dwarf;
				ENABLE_STRICT_OBJC_MSGSEND = YES;
				ENABLE_TESTABILITY = YES;
				GCC_C_LANGUAGE_STANDARD = gnu11;
				GCC_DYNAMIC_NO_PIC = NO;
				GCC_NO_COMMON_BLOCKS = YES;
				GCC_OPTIMIZATION_LEVEL = 0;
				GCC_PREPROCESSOR_DEFINITIONS = (
					"DEBUG=1",
					"$(inherited)",
				);
				GCC_WARN_64_TO_32_BIT_CONVERSION = YES;
				GCC_WARN_ABOUT_RETURN_TYPE = YES_ERROR;
				GCC_WARN_UNDECLARED_SELECTOR = YES;
				GCC_WARN_UNINITIALIZED_AUTOS = YES_AGGRESSIVE;
				GCC_WARN_UNUSED_FUNCTION = YES;
				GCC_WARN_UNUSED_VARIABLE = YES;
				IPHONEOS_DEPLOYMENT_TARGET = 12.0;
				MTL_ENABLE_DEBUG_INFO = INCLUDE_SOURCE;
				MTL_FAST_MATH = YES;
				ONLY_ACTIVE_ARCH = YES;
				SDKROOT = iphoneos;
				SWIFT_ACTIVE_COMPILATION_CONDITIONS = DEBUG;
				SWIFT_OPTIMIZATION_LEVEL = "-Onone";
			};
			name = Debug;
		};
		F48AD4D52175EC99006F87EB /* Release */ = {
			isa = XCBuildConfiguration;
			buildSettings = {
				ALWAYS_SEARCH_USER_PATHS = NO;
				CLANG_ANALYZER_NONNULL = YES;
				CLANG_ANALYZER_NUMBER_OBJECT_CONVERSION = YES_AGGRESSIVE;
				CLANG_CXX_LANGUAGE_STANDARD = "gnu++14";
				CLANG_CXX_LIBRARY = "libc++";
				CLANG_ENABLE_MODULES = YES;
				CLANG_ENABLE_OBJC_ARC = YES;
				CLANG_ENABLE_OBJC_WEAK = YES;
				CLANG_WARN_BLOCK_CAPTURE_AUTORELEASING = YES;
				CLANG_WARN_BOOL_CONVERSION = YES;
				CLANG_WARN_COMMA = YES;
				CLANG_WARN_CONSTANT_CONVERSION = YES;
				CLANG_WARN_DEPRECATED_OBJC_IMPLEMENTATIONS = YES;
				CLANG_WARN_DIRECT_OBJC_ISA_USAGE = YES_ERROR;
				CLANG_WARN_DOCUMENTATION_COMMENTS = YES;
				CLANG_WARN_EMPTY_BODY = YES;
				CLANG_WARN_ENUM_CONVERSION = YES;
				CLANG_WARN_INFINITE_RECURSION = YES;
				CLANG_WARN_INT_CONVERSION = YES;
				CLANG_WARN_NON_LITERAL_NULL_CONVERSION = YES;
				CLANG_WARN_OBJC_IMPLICIT_RETAIN_SELF = YES;
				CLANG_WARN_OBJC_LITERAL_CONVERSION = YES;
				CLANG_WARN_OBJC_ROOT_CLASS = YES_ERROR;
				CLANG_WARN_RANGE_LOOP_ANALYSIS = YES;
				CLANG_WARN_STRICT_PROTOTYPES = YES;
				CLANG_WARN_SUSPICIOUS_MOVE = YES;
				CLANG_WARN_UNGUARDED_AVAILABILITY = YES_AGGRESSIVE;
				CLANG_WARN_UNREACHABLE_CODE = YES;
				CLANG_WARN__DUPLICATE_METHOD_MATCH = YES;
				CODE_SIGN_IDENTITY = "iPhone Developer";
				COPY_PHASE_STRIP = NO;
				DEBUG_INFORMATION_FORMAT = "dwarf-with-dsym";
				ENABLE_NS_ASSERTIONS = NO;
				ENABLE_STRICT_OBJC_MSGSEND = YES;
				GCC_C_LANGUAGE_STANDARD = gnu11;
				GCC_NO_COMMON_BLOCKS = YES;
				GCC_WARN_64_TO_32_BIT_CONVERSION = YES;
				GCC_WARN_ABOUT_RETURN_TYPE = YES_ERROR;
				GCC_WARN_UNDECLARED_SELECTOR = YES;
				GCC_WARN_UNINITIALIZED_AUTOS = YES_AGGRESSIVE;
				GCC_WARN_UNUSED_FUNCTION = YES;
				GCC_WARN_UNUSED_VARIABLE = YES;
				IPHONEOS_DEPLOYMENT_TARGET = 12.0;
				MTL_ENABLE_DEBUG_INFO = NO;
				MTL_FAST_MATH = YES;
				SDKROOT = iphoneos;
				SWIFT_COMPILATION_MODE = wholemodule;
				SWIFT_OPTIMIZATION_LEVEL = "-O";
				VALIDATE_PRODUCT = YES;
			};
			name = Release;
		};
		F48AD4D72175EC99006F87EB /* Debug */ = {
			isa = XCBuildConfiguration;
			buildSettings = {
				ASSETCATALOG_COMPILER_APPICON_NAME = AppIcon;
				CODE_SIGN_STYLE = Automatic;
				DEVELOPMENT_TEAM = XRCF49APML;
				FRAMEWORK_SEARCH_PATHS = (
					"$(inherited)",
					"$(PROJECT_DIR)/Carthage/Build/iOS",
				);
				INFOPLIST_FILE = DevChallenge/Resources/Info.plist;
				LD_RUNPATH_SEARCH_PATHS = (
					"$(inherited)",
					"@executable_path/Frameworks",
				);
				PRODUCT_BUNDLE_IDENTIFIER = com.doitsolutions.DevChallenge;
				PRODUCT_NAME = "$(TARGET_NAME)";
				SWIFT_VERSION = 4.2;
				TARGETED_DEVICE_FAMILY = 1;
			};
			name = Debug;
		};
		F48AD4D82175EC99006F87EB /* Release */ = {
			isa = XCBuildConfiguration;
			buildSettings = {
				ASSETCATALOG_COMPILER_APPICON_NAME = AppIcon;
				CODE_SIGN_STYLE = Automatic;
				DEVELOPMENT_TEAM = XRCF49APML;
				FRAMEWORK_SEARCH_PATHS = (
					"$(inherited)",
					"$(PROJECT_DIR)/Carthage/Build/iOS",
				);
				INFOPLIST_FILE = DevChallenge/Resources/Info.plist;
				LD_RUNPATH_SEARCH_PATHS = (
					"$(inherited)",
					"@executable_path/Frameworks",
				);
				PRODUCT_BUNDLE_IDENTIFIER = com.doitsolutions.DevChallenge;
				PRODUCT_NAME = "$(TARGET_NAME)";
				SWIFT_VERSION = 4.2;
				TARGETED_DEVICE_FAMILY = 1;
			};
			name = Release;
		};
/* End XCBuildConfiguration section */

/* Begin XCConfigurationList section */
		F48AD4BF2175EC98006F87EB /* Build configuration list for PBXProject "DevChallenge" */ = {
			isa = XCConfigurationList;
			buildConfigurations = (
				F48AD4D42175EC99006F87EB /* Debug */,
				F48AD4D52175EC99006F87EB /* Release */,
			);
			defaultConfigurationIsVisible = 0;
			defaultConfigurationName = Release;
		};
		F48AD4D62175EC99006F87EB /* Build configuration list for PBXNativeTarget "DevChallenge" */ = {
			isa = XCConfigurationList;
			buildConfigurations = (
				F48AD4D72175EC99006F87EB /* Debug */,
				F48AD4D82175EC99006F87EB /* Release */,
			);
			defaultConfigurationIsVisible = 0;
			defaultConfigurationName = Release;
		};
/* End XCConfigurationList section */
	};
	rootObject = F48AD4BC2175EC98006F87EB /* Project object */;
}
